
Microsoft Visual Studio Solution File, Format Version 12.00
# Visual Studio Version 17
VisualStudioVersion = 17.5.33516.290
MinimumVisualStudioVersion = 10.0.40219.1
Project("{2150E333-8FDC-42A3-9474-1A3956D46DE8}") = "Creational", "Creational", "{D4EEEC82-0D73-4CEC-9A22-18DB97A362BF}"
EndProject
Project("{2150E333-8FDC-42A3-9474-1A3956D46DE8}") = "Structural", "Structural", "{2F8B8B26-05B7-426D-AE6C-39870C29EF42}"
EndProject
Project("{2150E333-8FDC-42A3-9474-1A3956D46DE8}") = "Behavioral", "Behavioral", "{6F187833-9C0B-4CB0-98F4-3544DA84CC30}"
EndProject
Project("{9A19103F-16F7-4668-BE54-9A1E7A4F7556}") = "FactoryMethod", "Creational\FactoryMethod\FactoryMethod.csproj", "{015CF99E-79CC-4468-8188-D8C56EFBD82C}"
EndProject
Project("{9A19103F-16F7-4668-BE54-9A1E7A4F7556}") = "AbstractFactory", "Creational\AbstractFactory\AbstractFactory.csproj", "{FFECE544-E42D-48C5-929C-99E3C0480985}"
EndProject
Project("{9A19103F-16F7-4668-BE54-9A1E7A4F7556}") = "Builder", "Creational\Builder\Builder.csproj", "{F1C554DC-EB05-4F37-8505-FEDE44B93EE4}"
EndProject
Project("{FAE04EC0-301F-11D3-BF4B-00C04F79EFBC}") = "Prototype", "Creational\Prototype\Prototype.csproj", "{04B51680-7DB0-4689-95F7-3B11ACA2847A}"
EndProject
Project("{FAE04EC0-301F-11D3-BF4B-00C04F79EFBC}") = "Singleton", "Creational\Singleton\Singleton.csproj", "{BA3DC52A-C312-4E93-B741-48EE5D099AD2}"
EndProject
Project("{FAE04EC0-301F-11D3-BF4B-00C04F79EFBC}") = "Adapter", "Structural\Adapter\Adapter.csproj", "{905B2DAE-4216-4FF6-A326-C1B93AAC8C7E}"
EndProject
Project("{FAE04EC0-301F-11D3-BF4B-00C04F79EFBC}") = "Bridge", "Bridge\Bridge.csproj", "{7F783548-CD93-463A-A9BA-674BEF71B9F5}"
EndProject
Global
	GlobalSection(SolutionConfigurationPlatforms) = preSolution
		Debug|Any CPU = Debug|Any CPU
		Release|Any CPU = Release|Any CPU
	EndGlobalSection
	GlobalSection(ProjectConfigurationPlatforms) = postSolution
		{015CF99E-79CC-4468-8188-D8C56EFBD82C}.Debug|Any CPU.ActiveCfg = Debug|Any CPU
		{015CF99E-79CC-4468-8188-D8C56EFBD82C}.Debug|Any CPU.Build.0 = Debug|Any CPU
		{015CF99E-79CC-4468-8188-D8C56EFBD82C}.Release|Any CPU.ActiveCfg = Release|Any CPU
		{015CF99E-79CC-4468-8188-D8C56EFBD82C}.Release|Any CPU.Build.0 = Release|Any CPU
		{FFECE544-E42D-48C5-929C-99E3C0480985}.Debug|Any CPU.ActiveCfg = Debug|Any CPU
		{FFECE544-E42D-48C5-929C-99E3C0480985}.Debug|Any CPU.Build.0 = Debug|Any CPU
		{FFECE544-E42D-48C5-929C-99E3C0480985}.Release|Any CPU.ActiveCfg = Release|Any CPU
		{FFECE544-E42D-48C5-929C-99E3C0480985}.Release|Any CPU.Build.0 = Release|Any CPU
		{F1C554DC-EB05-4F37-8505-FEDE44B93EE4}.Debug|Any CPU.ActiveCfg = Debug|Any CPU
		{F1C554DC-EB05-4F37-8505-FEDE44B93EE4}.Debug|Any CPU.Build.0 = Debug|Any CPU
		{F1C554DC-EB05-4F37-8505-FEDE44B93EE4}.Release|Any CPU.ActiveCfg = Release|Any CPU
		{F1C554DC-EB05-4F37-8505-FEDE44B93EE4}.Release|Any CPU.Build.0 = Release|Any CPU
		{04B51680-7DB0-4689-95F7-3B11ACA2847A}.Debug|Any CPU.ActiveCfg = Debug|Any CPU
		{04B51680-7DB0-4689-95F7-3B11ACA2847A}.Debug|Any CPU.Build.0 = Debug|Any CPU
		{04B51680-7DB0-4689-95F7-3B11ACA2847A}.Release|Any CPU.ActiveCfg = Release|Any CPU
		{04B51680-7DB0-4689-95F7-3B11ACA2847A}.Release|Any CPU.Build.0 = Release|Any CPU
		{BA3DC52A-C312-4E93-B741-48EE5D099AD2}.Debug|Any CPU.ActiveCfg = Debug|Any CPU
		{BA3DC52A-C312-4E93-B741-48EE5D099AD2}.Debug|Any CPU.Build.0 = Debug|Any CPU
		{BA3DC52A-C312-4E93-B741-48EE5D099AD2}.Release|Any CPU.ActiveCfg = Release|Any CPU
		{BA3DC52A-C312-4E93-B741-48EE5D099AD2}.Release|Any CPU.Build.0 = Release|Any CPU
		{905B2DAE-4216-4FF6-A326-C1B93AAC8C7E}.Debug|Any CPU.ActiveCfg = Debug|Any CPU
		{905B2DAE-4216-4FF6-A326-C1B93AAC8C7E}.Debug|Any CPU.Build.0 = Debug|Any CPU
		{905B2DAE-4216-4FF6-A326-C1B93AAC8C7E}.Release|Any CPU.ActiveCfg = Release|Any CPU
		{905B2DAE-4216-4FF6-A326-C1B93AAC8C7E}.Release|Any CPU.Build.0 = Release|Any CPU
		{7F783548-CD93-463A-A9BA-674BEF71B9F5}.Debug|Any CPU.ActiveCfg = Debug|Any CPU
		{7F783548-CD93-463A-A9BA-674BEF71B9F5}.Debug|Any CPU.Build.0 = Debug|Any CPU
		{7F783548-CD93-463A-A9BA-674BEF71B9F5}.Release|Any CPU.ActiveCfg = Release|Any CPU
		{7F783548-CD93-463A-A9BA-674BEF71B9F5}.Release|Any CPU.Build.0 = Release|Any CPU
	EndGlobalSection
	GlobalSection(SolutionProperties) = preSolution
		HideSolutionNode = FALSE
	EndGlobalSection
	GlobalSection(NestedProjects) = preSolution
		{015CF99E-79CC-4468-8188-D8C56EFBD82C} = {D4EEEC82-0D73-4CEC-9A22-18DB97A362BF}
		{FFECE544-E42D-48C5-929C-99E3C0480985} = {D4EEEC82-0D73-4CEC-9A22-18DB97A362BF}
		{F1C554DC-EB05-4F37-8505-FEDE44B93EE4} = {D4EEEC82-0D73-4CEC-9A22-18DB97A362BF}
		{04B51680-7DB0-4689-95F7-3B11ACA2847A} = {D4EEEC82-0D73-4CEC-9A22-18DB97A362BF}
		{BA3DC52A-C312-4E93-B741-48EE5D099AD2} = {D4EEEC82-0D73-4CEC-9A22-18DB97A362BF}
		{905B2DAE-4216-4FF6-A326-C1B93AAC8C7E} = {2F8B8B26-05B7-426D-AE6C-39870C29EF42}
		{7F783548-CD93-463A-A9BA-674BEF71B9F5} = {2F8B8B26-05B7-426D-AE6C-39870C29EF42}
	EndGlobalSection
	GlobalSection(ExtensibilityGlobals) = postSolution
		SolutionGuid = {59C35856-EBA7-4820-A367-C6E0DD5002DB}
	EndGlobalSection
EndGlobal
