
Microsoft Visual Studio Solution File, Format Version 12.00
# Visual Studio Version 17
VisualStudioVersion = 17.5.33516.290
MinimumVisualStudioVersion = 10.0.40219.1
Project("{2150E333-8FDC-42A3-9474-1A3956D46DE8}") = "Creational", "Creational", "{D4EEEC82-0D73-4CEC-9A22-18DB97A362BF}"
EndProject
Project("{2150E333-8FDC-42A3-9474-1A3956D46DE8}") = "Structural", "Structural", "{2F8B8B26-05B7-426D-AE6C-39870C29EF42}"
EndProject
Project("{2150E333-8FDC-42A3-9474-1A3956D46DE8}") = "Behavioral", "Behavioral", "{6F187833-9C0B-4CB0-98F4-3544DA84CC30}"
EndProject
Project("{9A19103F-16F7-4668-BE54-9A1E7A4F7556}") = "FactoryMethod", "Creational\FactoryMethod\FactoryMethod.csproj", "{015CF99E-79CC-4468-8188-D8C56EFBD82C}"
EndProject
Project("{9A19103F-16F7-4668-BE54-9A1E7A4F7556}") = "AbstractFactory", "Creational\AbstractFactory\AbstractFactory.csproj", "{FFECE544-E42D-48C5-929C-99E3C0480985}"
EndProject
Project("{9A19103F-16F7-4668-BE54-9A1E7A4F7556}") = "Builder", "Creational\Builder\Builder.csproj", "{F1C554DC-EB05-4F37-8505-FEDE44B93EE4}"
EndProject
Project("{9A19103F-16F7-4668-BE54-9A1E7A4F7556}") = "Prototype", "Creational\Prototype\Prototype.csproj", "{04B51680-7DB0-4689-95F7-3B11ACA2847A}"
EndProject
Project("{9A19103F-16F7-4668-BE54-9A1E7A4F7556}") = "Singleton", "Creational\Singleton\Singleton.csproj", "{BA3DC52A-C312-4E93-B741-48EE5D099AD2}"
EndProject
Project("{9A19103F-16F7-4668-BE54-9A1E7A4F7556}") = "Adapter", "Structural\Adapter\Adapter.csproj", "{905B2DAE-4216-4FF6-A326-C1B93AAC8C7E}"
EndProject
Project("{9A19103F-16F7-4668-BE54-9A1E7A4F7556}") = "Bridge", "Bridge\Bridge.csproj", "{7F783548-CD93-463A-A9BA-674BEF71B9F5}"
EndProject
Project("{9A19103F-16F7-4668-BE54-9A1E7A4F7556}") = "Composite", "Structural\Composite\Composite.csproj", "{719DCC91-503A-4B34-B25D-75EA716D2A0D}"
EndProject
Project("{9A19103F-16F7-4668-BE54-9A1E7A4F7556}") = "Decorator", "Structural\Decorator\Decorator.csproj", "{56D85B6A-B1F3-42B1-9A04-74C62C779720}"
EndProject
Project("{9A19103F-16F7-4668-BE54-9A1E7A4F7556}") = "Facade", "Structural\Facade\Facade.csproj", "{70B55814-E632-4EE7-8854-518F01E64E61}"
EndProject
Project("{9A19103F-16F7-4668-BE54-9A1E7A4F7556}") = "Flyweight", "Structural\Flyweight\Flyweight.csproj", "{C94DA132-D0B0-4E5D-8AC7-5904787BEEC3}"
EndProject
Project("{9A19103F-16F7-4668-BE54-9A1E7A4F7556}") = "Proxy", "Structural\Proxy\Proxy.csproj", "{EDB39C8C-4245-4798-88DB-0011192EC389}"
EndProject
Project("{9A19103F-16F7-4668-BE54-9A1E7A4F7556}") = "ChainOfResponsibilty", "Behavioral\ChainOfResponsibilty\ChainOfResponsibilty.csproj", "{B4121A6D-98CD-470E-9D45-0A7DF3C2F4FD}"
EndProject
Project("{FAE04EC0-301F-11D3-BF4B-00C04F79EFBC}") = "Command", "Behavioral\Command\Command.csproj", "{F316EA17-1A40-4604-9365-1A73CD3CFCB6}"
EndProject
Project("{FAE04EC0-301F-11D3-BF4B-00C04F79EFBC}") = "Iterator", "Iterator\Iterator.csproj", "{8DA3D5AE-DDB4-4F60-8A72-7FC6D2EE550E}"
EndProject
Project("{9A19103F-16F7-4668-BE54-9A1E7A4F7556}") = "Interpreter", "Behavioral\Interpreter\Interpreter.csproj", "{AE1168F5-E127-490F-A5E6-5BFE1B2F3933}"
EndProject
Project("{FAE04EC0-301F-11D3-BF4B-00C04F79EFBC}") = "Strategy", "Behavioral\Strategy\Strategy.csproj", "{26D8FCB7-F9A9-4710-B501-EDF75A221012}"
EndProject
Project("{FAE04EC0-301F-11D3-BF4B-00C04F79EFBC}") = "Mediator", "Behavioral\Mediator\Mediator.csproj", "{24AF6161-58E4-4E39-93E3-853ED02B5025}"
EndProject
Project("{9A19103F-16F7-4668-BE54-9A1E7A4F7556}") = "Memento", "Behavioral\Memento\Memento.csproj", "{A1B443EE-9AE6-42D3-92A4-23CE9311F06F}"
EndProject
Project("{9A19103F-16F7-4668-BE54-9A1E7A4F7556}") = "Observer", "Behavioral\Observer\Observer.csproj", "{BDD0C1D3-8A2D-41C4-A3E0-6C4B203F8D98}"
EndProject
Project("{FAE04EC0-301F-11D3-BF4B-00C04F79EFBC}") = "State", "Behavioral\State\State.csproj", "{76F1E59E-BE10-40C9-B93E-847FE4502F63}"
EndProject
Project("{9A19103F-16F7-4668-BE54-9A1E7A4F7556}") = "TemplateMethod", "Behavioral\TemplateMethod\TemplateMethod.csproj", "{C4CE394A-9A4E-4BEA-96DC-F63EBF7E9ABE}"
EndProject
Project("{FAE04EC0-301F-11D3-BF4B-00C04F79EFBC}") = "Visitor", "Behavioral\Visitor\Visitor.csproj", "{7247DA76-01CE-47AA-B3B6-7083B3275349}"
EndProject
Global
	GlobalSection(SolutionConfigurationPlatforms) = preSolution
		Debug|Any CPU = Debug|Any CPU
		Release|Any CPU = Release|Any CPU
	EndGlobalSection
	GlobalSection(ProjectConfigurationPlatforms) = postSolution
		{015CF99E-79CC-4468-8188-D8C56EFBD82C}.Debug|Any CPU.ActiveCfg = Debug|Any CPU
		{015CF99E-79CC-4468-8188-D8C56EFBD82C}.Debug|Any CPU.Build.0 = Debug|Any CPU
		{015CF99E-79CC-4468-8188-D8C56EFBD82C}.Release|Any CPU.ActiveCfg = Release|Any CPU
		{015CF99E-79CC-4468-8188-D8C56EFBD82C}.Release|Any CPU.Build.0 = Release|Any CPU
		{FFECE544-E42D-48C5-929C-99E3C0480985}.Debug|Any CPU.ActiveCfg = Debug|Any CPU
		{FFECE544-E42D-48C5-929C-99E3C0480985}.Debug|Any CPU.Build.0 = Debug|Any CPU
		{FFECE544-E42D-48C5-929C-99E3C0480985}.Release|Any CPU.ActiveCfg = Release|Any CPU
		{FFECE544-E42D-48C5-929C-99E3C0480985}.Release|Any CPU.Build.0 = Release|Any CPU
		{F1C554DC-EB05-4F37-8505-FEDE44B93EE4}.Debug|Any CPU.ActiveCfg = Debug|Any CPU
		{F1C554DC-EB05-4F37-8505-FEDE44B93EE4}.Debug|Any CPU.Build.0 = Debug|Any CPU
		{F1C554DC-EB05-4F37-8505-FEDE44B93EE4}.Release|Any CPU.ActiveCfg = Release|Any CPU
		{F1C554DC-EB05-4F37-8505-FEDE44B93EE4}.Release|Any CPU.Build.0 = Release|Any CPU
		{04B51680-7DB0-4689-95F7-3B11ACA2847A}.Debug|Any CPU.ActiveCfg = Debug|Any CPU
		{04B51680-7DB0-4689-95F7-3B11ACA2847A}.Debug|Any CPU.Build.0 = Debug|Any CPU
		{04B51680-7DB0-4689-95F7-3B11ACA2847A}.Release|Any CPU.ActiveCfg = Release|Any CPU
		{04B51680-7DB0-4689-95F7-3B11ACA2847A}.Release|Any CPU.Build.0 = Release|Any CPU
		{BA3DC52A-C312-4E93-B741-48EE5D099AD2}.Debug|Any CPU.ActiveCfg = Debug|Any CPU
		{BA3DC52A-C312-4E93-B741-48EE5D099AD2}.Debug|Any CPU.Build.0 = Debug|Any CPU
		{BA3DC52A-C312-4E93-B741-48EE5D099AD2}.Release|Any CPU.ActiveCfg = Release|Any CPU
		{BA3DC52A-C312-4E93-B741-48EE5D099AD2}.Release|Any CPU.Build.0 = Release|Any CPU
		{905B2DAE-4216-4FF6-A326-C1B93AAC8C7E}.Debug|Any CPU.ActiveCfg = Debug|Any CPU
		{905B2DAE-4216-4FF6-A326-C1B93AAC8C7E}.Debug|Any CPU.Build.0 = Debug|Any CPU
		{905B2DAE-4216-4FF6-A326-C1B93AAC8C7E}.Release|Any CPU.ActiveCfg = Release|Any CPU
		{905B2DAE-4216-4FF6-A326-C1B93AAC8C7E}.Release|Any CPU.Build.0 = Release|Any CPU
		{7F783548-CD93-463A-A9BA-674BEF71B9F5}.Debug|Any CPU.ActiveCfg = Debug|Any CPU
		{7F783548-CD93-463A-A9BA-674BEF71B9F5}.Debug|Any CPU.Build.0 = Debug|Any CPU
		{7F783548-CD93-463A-A9BA-674BEF71B9F5}.Release|Any CPU.ActiveCfg = Release|Any CPU
		{7F783548-CD93-463A-A9BA-674BEF71B9F5}.Release|Any CPU.Build.0 = Release|Any CPU
		{719DCC91-503A-4B34-B25D-75EA716D2A0D}.Debug|Any CPU.ActiveCfg = Debug|Any CPU
		{719DCC91-503A-4B34-B25D-75EA716D2A0D}.Debug|Any CPU.Build.0 = Debug|Any CPU
		{719DCC91-503A-4B34-B25D-75EA716D2A0D}.Release|Any CPU.ActiveCfg = Release|Any CPU
		{719DCC91-503A-4B34-B25D-75EA716D2A0D}.Release|Any CPU.Build.0 = Release|Any CPU
		{56D85B6A-B1F3-42B1-9A04-74C62C779720}.Debug|Any CPU.ActiveCfg = Debug|Any CPU
		{56D85B6A-B1F3-42B1-9A04-74C62C779720}.Debug|Any CPU.Build.0 = Debug|Any CPU
		{56D85B6A-B1F3-42B1-9A04-74C62C779720}.Release|Any CPU.ActiveCfg = Release|Any CPU
		{56D85B6A-B1F3-42B1-9A04-74C62C779720}.Release|Any CPU.Build.0 = Release|Any CPU
		{70B55814-E632-4EE7-8854-518F01E64E61}.Debug|Any CPU.ActiveCfg = Debug|Any CPU
		{70B55814-E632-4EE7-8854-518F01E64E61}.Debug|Any CPU.Build.0 = Debug|Any CPU
		{70B55814-E632-4EE7-8854-518F01E64E61}.Release|Any CPU.ActiveCfg = Release|Any CPU
		{70B55814-E632-4EE7-8854-518F01E64E61}.Release|Any CPU.Build.0 = Release|Any CPU
		{C94DA132-D0B0-4E5D-8AC7-5904787BEEC3}.Debug|Any CPU.ActiveCfg = Debug|Any CPU
		{C94DA132-D0B0-4E5D-8AC7-5904787BEEC3}.Debug|Any CPU.Build.0 = Debug|Any CPU
		{C94DA132-D0B0-4E5D-8AC7-5904787BEEC3}.Release|Any CPU.ActiveCfg = Release|Any CPU
		{C94DA132-D0B0-4E5D-8AC7-5904787BEEC3}.Release|Any CPU.Build.0 = Release|Any CPU
		{EDB39C8C-4245-4798-88DB-0011192EC389}.Debug|Any CPU.ActiveCfg = Debug|Any CPU
		{EDB39C8C-4245-4798-88DB-0011192EC389}.Debug|Any CPU.Build.0 = Debug|Any CPU
		{EDB39C8C-4245-4798-88DB-0011192EC389}.Release|Any CPU.ActiveCfg = Release|Any CPU
		{EDB39C8C-4245-4798-88DB-0011192EC389}.Release|Any CPU.Build.0 = Release|Any CPU
		{B4121A6D-98CD-470E-9D45-0A7DF3C2F4FD}.Debug|Any CPU.ActiveCfg = Debug|Any CPU
		{B4121A6D-98CD-470E-9D45-0A7DF3C2F4FD}.Debug|Any CPU.Build.0 = Debug|Any CPU
		{B4121A6D-98CD-470E-9D45-0A7DF3C2F4FD}.Release|Any CPU.ActiveCfg = Release|Any CPU
		{B4121A6D-98CD-470E-9D45-0A7DF3C2F4FD}.Release|Any CPU.Build.0 = Release|Any CPU
		{F316EA17-1A40-4604-9365-1A73CD3CFCB6}.Debug|Any CPU.ActiveCfg = Debug|Any CPU
		{F316EA17-1A40-4604-9365-1A73CD3CFCB6}.Debug|Any CPU.Build.0 = Debug|Any CPU
		{F316EA17-1A40-4604-9365-1A73CD3CFCB6}.Release|Any CPU.ActiveCfg = Release|Any CPU
		{F316EA17-1A40-4604-9365-1A73CD3CFCB6}.Release|Any CPU.Build.0 = Release|Any CPU
		{8DA3D5AE-DDB4-4F60-8A72-7FC6D2EE550E}.Debug|Any CPU.ActiveCfg = Debug|Any CPU
		{8DA3D5AE-DDB4-4F60-8A72-7FC6D2EE550E}.Debug|Any CPU.Build.0 = Debug|Any CPU
		{8DA3D5AE-DDB4-4F60-8A72-7FC6D2EE550E}.Release|Any CPU.ActiveCfg = Release|Any CPU
		{8DA3D5AE-DDB4-4F60-8A72-7FC6D2EE550E}.Release|Any CPU.Build.0 = Release|Any CPU
		{AE1168F5-E127-490F-A5E6-5BFE1B2F3933}.Debug|Any CPU.ActiveCfg = Debug|Any CPU
		{AE1168F5-E127-490F-A5E6-5BFE1B2F3933}.Debug|Any CPU.Build.0 = Debug|Any CPU
		{AE1168F5-E127-490F-A5E6-5BFE1B2F3933}.Release|Any CPU.ActiveCfg = Release|Any CPU
		{AE1168F5-E127-490F-A5E6-5BFE1B2F3933}.Release|Any CPU.Build.0 = Release|Any CPU
		{26D8FCB7-F9A9-4710-B501-EDF75A221012}.Debug|Any CPU.ActiveCfg = Debug|Any CPU
		{26D8FCB7-F9A9-4710-B501-EDF75A221012}.Debug|Any CPU.Build.0 = Debug|Any CPU
		{26D8FCB7-F9A9-4710-B501-EDF75A221012}.Release|Any CPU.ActiveCfg = Release|Any CPU
		{26D8FCB7-F9A9-4710-B501-EDF75A221012}.Release|Any CPU.Build.0 = Release|Any CPU
		{24AF6161-58E4-4E39-93E3-853ED02B5025}.Debug|Any CPU.ActiveCfg = Debug|Any CPU
		{24AF6161-58E4-4E39-93E3-853ED02B5025}.Debug|Any CPU.Build.0 = Debug|Any CPU
		{24AF6161-58E4-4E39-93E3-853ED02B5025}.Release|Any CPU.ActiveCfg = Release|Any CPU
		{24AF6161-58E4-4E39-93E3-853ED02B5025}.Release|Any CPU.Build.0 = Release|Any CPU
		{A1B443EE-9AE6-42D3-92A4-23CE9311F06F}.Debug|Any CPU.ActiveCfg = Debug|Any CPU
		{A1B443EE-9AE6-42D3-92A4-23CE9311F06F}.Debug|Any CPU.Build.0 = Debug|Any CPU
		{A1B443EE-9AE6-42D3-92A4-23CE9311F06F}.Release|Any CPU.ActiveCfg = Release|Any CPU
		{A1B443EE-9AE6-42D3-92A4-23CE9311F06F}.Release|Any CPU.Build.0 = Release|Any CPU
		{BDD0C1D3-8A2D-41C4-A3E0-6C4B203F8D98}.Debug|Any CPU.ActiveCfg = Debug|Any CPU
		{BDD0C1D3-8A2D-41C4-A3E0-6C4B203F8D98}.Debug|Any CPU.Build.0 = Debug|Any CPU
		{BDD0C1D3-8A2D-41C4-A3E0-6C4B203F8D98}.Release|Any CPU.ActiveCfg = Release|Any CPU
		{BDD0C1D3-8A2D-41C4-A3E0-6C4B203F8D98}.Release|Any CPU.Build.0 = Release|Any CPU
		{76F1E59E-BE10-40C9-B93E-847FE4502F63}.Debug|Any CPU.ActiveCfg = Debug|Any CPU
		{76F1E59E-BE10-40C9-B93E-847FE4502F63}.Debug|Any CPU.Build.0 = Debug|Any CPU
		{76F1E59E-BE10-40C9-B93E-847FE4502F63}.Release|Any CPU.ActiveCfg = Release|Any CPU
		{76F1E59E-BE10-40C9-B93E-847FE4502F63}.Release|Any CPU.Build.0 = Release|Any CPU
		{C4CE394A-9A4E-4BEA-96DC-F63EBF7E9ABE}.Debug|Any CPU.ActiveCfg = Debug|Any CPU
		{C4CE394A-9A4E-4BEA-96DC-F63EBF7E9ABE}.Debug|Any CPU.Build.0 = Debug|Any CPU
		{C4CE394A-9A4E-4BEA-96DC-F63EBF7E9ABE}.Release|Any CPU.ActiveCfg = Release|Any CPU
		{C4CE394A-9A4E-4BEA-96DC-F63EBF7E9ABE}.Release|Any CPU.Build.0 = Release|Any CPU
		{7247DA76-01CE-47AA-B3B6-7083B3275349}.Debug|Any CPU.ActiveCfg = Debug|Any CPU
		{7247DA76-01CE-47AA-B3B6-7083B3275349}.Debug|Any CPU.Build.0 = Debug|Any CPU
		{7247DA76-01CE-47AA-B3B6-7083B3275349}.Release|Any CPU.ActiveCfg = Release|Any CPU
		{7247DA76-01CE-47AA-B3B6-7083B3275349}.Release|Any CPU.Build.0 = Release|Any CPU
	EndGlobalSection
	GlobalSection(SolutionProperties) = preSolution
		HideSolutionNode = FALSE
	EndGlobalSection
	GlobalSection(NestedProjects) = preSolution
		{015CF99E-79CC-4468-8188-D8C56EFBD82C} = {D4EEEC82-0D73-4CEC-9A22-18DB97A362BF}
		{FFECE544-E42D-48C5-929C-99E3C0480985} = {D4EEEC82-0D73-4CEC-9A22-18DB97A362BF}
		{F1C554DC-EB05-4F37-8505-FEDE44B93EE4} = {D4EEEC82-0D73-4CEC-9A22-18DB97A362BF}
		{04B51680-7DB0-4689-95F7-3B11ACA2847A} = {D4EEEC82-0D73-4CEC-9A22-18DB97A362BF}
		{BA3DC52A-C312-4E93-B741-48EE5D099AD2} = {D4EEEC82-0D73-4CEC-9A22-18DB97A362BF}
		{905B2DAE-4216-4FF6-A326-C1B93AAC8C7E} = {2F8B8B26-05B7-426D-AE6C-39870C29EF42}
		{7F783548-CD93-463A-A9BA-674BEF71B9F5} = {2F8B8B26-05B7-426D-AE6C-39870C29EF42}
		{719DCC91-503A-4B34-B25D-75EA716D2A0D} = {2F8B8B26-05B7-426D-AE6C-39870C29EF42}
		{56D85B6A-B1F3-42B1-9A04-74C62C779720} = {2F8B8B26-05B7-426D-AE6C-39870C29EF42}
		{70B55814-E632-4EE7-8854-518F01E64E61} = {2F8B8B26-05B7-426D-AE6C-39870C29EF42}
		{C94DA132-D0B0-4E5D-8AC7-5904787BEEC3} = {2F8B8B26-05B7-426D-AE6C-39870C29EF42}
		{EDB39C8C-4245-4798-88DB-0011192EC389} = {2F8B8B26-05B7-426D-AE6C-39870C29EF42}
		{B4121A6D-98CD-470E-9D45-0A7DF3C2F4FD} = {6F187833-9C0B-4CB0-98F4-3544DA84CC30}
		{F316EA17-1A40-4604-9365-1A73CD3CFCB6} = {6F187833-9C0B-4CB0-98F4-3544DA84CC30}
		{8DA3D5AE-DDB4-4F60-8A72-7FC6D2EE550E} = {6F187833-9C0B-4CB0-98F4-3544DA84CC30}
		{AE1168F5-E127-490F-A5E6-5BFE1B2F3933} = {6F187833-9C0B-4CB0-98F4-3544DA84CC30}
		{26D8FCB7-F9A9-4710-B501-EDF75A221012} = {6F187833-9C0B-4CB0-98F4-3544DA84CC30}
		{24AF6161-58E4-4E39-93E3-853ED02B5025} = {6F187833-9C0B-4CB0-98F4-3544DA84CC30}
		{A1B443EE-9AE6-42D3-92A4-23CE9311F06F} = {6F187833-9C0B-4CB0-98F4-3544DA84CC30}
		{BDD0C1D3-8A2D-41C4-A3E0-6C4B203F8D98} = {6F187833-9C0B-4CB0-98F4-3544DA84CC30}
		{76F1E59E-BE10-40C9-B93E-847FE4502F63} = {6F187833-9C0B-4CB0-98F4-3544DA84CC30}
		{C4CE394A-9A4E-4BEA-96DC-F63EBF7E9ABE} = {6F187833-9C0B-4CB0-98F4-3544DA84CC30}
		{7247DA76-01CE-47AA-B3B6-7083B3275349} = {6F187833-9C0B-4CB0-98F4-3544DA84CC30}
	EndGlobalSection
	GlobalSection(ExtensibilityGlobals) = postSolution
		SolutionGuid = {59C35856-EBA7-4820-A367-C6E0DD5002DB}
	EndGlobalSection
EndGlobal
